Microsoft Visual Studio Solution File, Format Version 12.00
# Visual Studio Version 17
VisualStudioVersion = 17.5.2.0
MinimumVisualStudioVersion = 10.0.40219.1
Project("{FAE04EC0-301F-11D3-BF4B-00C04F79EFBC}") = "AspNetCrud", "AspNetCrud.csproj", "{FA1F4472-B9D7-CC00-B9DA-2D8472732F92}"
EndProject
Global
	GlobalSection(SolutionConfigurationPlatforms) = preSolution
		Debug|Any CPU = Debug|Any CPU
		Release|Any CPU = Release|Any CPU
	EndGlobalSection
	GlobalSection(ProjectConfigurationPlatforms) = postSolution
		{FA1F4472-B9D7-CC00-B9DA-2D8472732F92}.Debug|Any CPU.ActiveCfg = Debug|Any CPU
		{FA1F4472-B9D7-CC00-B9DA-2D8472732F92}.Debug|Any CPU.Build.0 = Debug|Any CPU
		{FA1F4472-B9D7-CC00-B9DA-2D8472732F92}.Release|Any CPU.ActiveCfg = Release|Any CPU
		{FA1F4472-B9D7-CC00-B9DA-2D8472732F92}.Release|Any CPU.Build.0 = Release|Any CPU
	EndGlobalSection
	GlobalSection(SolutionProperties) = preSolution
		HideSolutionNode = FALSE
	EndGlobalSection
	GlobalSection(ExtensibilityGlobals) = postSolution
		SolutionGuid = {7AAFDA79-D865-4E2F-A5B7-6FB5E055E8B3}
	EndGlobalSection
EndGlobal
